{
  "version": 4,
  "terraform_version": "1.0.1",
  "serial": 65,
  "lineage": "b641a3a5-a9db-4959-41a2-819e49ccbc1d",
  "outputs": {},
  "resources": [
    {
      "mode": "managed",
      "type": "azurerm_linux_virtual_machine",
      "name": "ISTIO-VM",
      "provider": "provider[\"registry.terraform.io/hashicorp/azurerm\"]",
      "instances": [
        {
          "index_key": "ISTIO-VM01",
          "schema_version": 0,
          "attributes": {
            "additional_capabilities": [],
            "admin_password": "@Caue2020#@!",
            "admin_ssh_key": [],
            "admin_username": "kaidan",
            "allow_extension_operations": true,
            "availability_set_id": "",
            "boot_diagnostics": [],
            "computer_name": "ISTIO-VM01",
            "custom_data": null,
            "dedicated_host_id": "",
            "disable_password_authentication": false,
            "encryption_at_host_enabled": false,
            "eviction_policy": "",
            "extensions_time_budget": "PT1H30M",
            "id": "/subscriptions/ba3ceec8-c343-46c0-9180-217762f60e1a/resourceGroups/RG-ISTIO/providers/Microsoft.Compute/virtualMachines/ISTIO-VM01",
            "identity": [],
            "license_type": "",
            "location": "eastus2",
            "max_bid_price": -1,
            "name": "ISTIO-VM01",
            "network_interface_ids": [
              "/subscriptions/ba3ceec8-c343-46c0-9180-217762f60e1a/resourceGroups/RG-ISTIO/providers/Microsoft.Network/networkInterfaces/nic-istioISTIO-VM01"
            ],
            "os_disk": [
              {
                "caching": "ReadWrite",
                "diff_disk_settings": [],
                "disk_encryption_set_id": "",
                "disk_size_gb": 30,
                "name": "osdisk-ISTIO-VM01",
                "storage_account_type": "Standard_LRS",
                "write_accelerator_enabled": false
              }
            ],
            "patch_mode": "ImageDefault",
            "plan": [],
            "platform_fault_domain": -1,
            "priority": "Regular",
            "private_ip_address": "10.0.1.6",
            "private_ip_addresses": [
              "10.0.1.6"
            ],
            "provision_vm_agent": true,
            "proximity_placement_group_id": "",
            "public_ip_address": "20.122.41.143",
            "public_ip_addresses": [
              "20.122.41.143"
            ],
            "resource_group_name": "RG-ISTIO",
            "secret": [],
            "secure_boot_enabled": false,
            "size": "Standard_B2s",
            "source_image_id": "",
            "source_image_reference": [
              {
                "offer": "UbuntuServer",
                "publisher": "Canonical",
                "sku": "18.04-LTS",
                "version": "latest"
              }
            ],
            "tags": {},
            "timeouts": null,
            "user_data": "",
            "virtual_machine_id": "882cafd7-2e5f-4419-9782-14efbf10b6eb",
            "virtual_machine_scale_set_id": "",
            "vtpm_enabled": false,
            "zone": ""
          },
          "sensitive_attributes": [],
          "private": "eyJlMmJmYjczMC1lY2FhLTExZTYtOGY4OC0zNDM2M2JjN2M0YzAiOnsiY3JlYXRlIjoyNzAwMDAwMDAwMDAwLCJkZWxldGUiOjI3MDAwMDAwMDAwMDAsInJlYWQiOjMwMDAwMDAwMDAwMCwidXBkYXRlIjoyNzAwMDAwMDAwMDAwfX0=",
          "dependencies": [
            "azurerm_network_interface.nic",
            "azurerm_public_ip.pip",
            "azurerm_resource_group.rg",
            "azurerm_subnet.subnet",
            "azurerm_virtual_network.vn"
          ]
        },
        {
          "index_key": "ISTIO-VM02",
          "schema_version": 0,
          "attributes": {
            "additional_capabilities": [],
            "admin_password": "@Caue2020#@!",
            "admin_ssh_key": [],
            "admin_username": "kaidan",
            "allow_extension_operations": true,
            "availability_set_id": "",
            "boot_diagnostics": [],
            "computer_name": "ISTIO-VM02",
            "custom_data": null,
            "dedicated_host_id": "",
            "disable_password_authentication": false,
            "encryption_at_host_enabled": false,
            "eviction_policy": "",
            "extensions_time_budget": "PT1H30M",
            "id": "/subscriptions/ba3ceec8-c343-46c0-9180-217762f60e1a/resourceGroups/RG-ISTIO/providers/Microsoft.Compute/virtualMachines/ISTIO-VM02",
            "identity": [],
            "license_type": "",
            "location": "eastus2",
            "max_bid_price": -1,
            "name": "ISTIO-VM02",
            "network_interface_ids": [
              "/subscriptions/ba3ceec8-c343-46c0-9180-217762f60e1a/resourceGroups/RG-ISTIO/providers/Microsoft.Network/networkInterfaces/nic-istioISTIO-VM02"
            ],
            "os_disk": [
              {
                "caching": "ReadWrite",
                "diff_disk_settings": [],
                "disk_encryption_set_id": "",
                "disk_size_gb": 30,
                "name": "osdisk-ISTIO-VM02",
                "storage_account_type": "Standard_LRS",
                "write_accelerator_enabled": false
              }
            ],
            "patch_mode": "ImageDefault",
            "plan": [],
            "platform_fault_domain": -1,
            "priority": "Regular",
            "private_ip_address": "10.0.1.5",
            "private_ip_addresses": [
              "10.0.1.5"
            ],
            "provision_vm_agent": true,
            "proximity_placement_group_id": "",
            "public_ip_address": "20.122.116.1",
            "public_ip_addresses": [
              "20.122.116.1"
            ],
            "resource_group_name": "RG-ISTIO",
            "secret": [],
            "secure_boot_enabled": false,
            "size": "Standard_B2s",
            "source_image_id": "",
            "source_image_reference": [
              {
                "offer": "UbuntuServer",
                "publisher": "Canonical",
                "sku": "18.04-LTS",
                "version": "latest"
              }
            ],
            "tags": {},
            "timeouts": null,
            "user_data": "",
            "virtual_machine_id": "35b99185-6353-472f-bea2-680d4ce96916",
            "virtual_machine_scale_set_id": "",
            "vtpm_enabled": false,
            "zone": ""
          },
          "sensitive_attributes": [],
          "private": "eyJlMmJmYjczMC1lY2FhLTExZTYtOGY4OC0zNDM2M2JjN2M0YzAiOnsiY3JlYXRlIjoyNzAwMDAwMDAwMDAwLCJkZWxldGUiOjI3MDAwMDAwMDAwMDAsInJlYWQiOjMwMDAwMDAwMDAwMCwidXBkYXRlIjoyNzAwMDAwMDAwMDAwfX0=",
          "dependencies": [
            "azurerm_network_interface.nic",
            "azurerm_public_ip.pip",
            "azurerm_resource_group.rg",
            "azurerm_subnet.subnet",
            "azurerm_virtual_network.vn"
          ]
        },
        {
          "index_key": "ISTIO-VM03",
          "schema_version": 0,
          "attributes": {
            "additional_capabilities": [],
            "admin_password": "@Caue2020#@!",
            "admin_ssh_key": [],
            "admin_username": "kaidan",
            "allow_extension_operations": true,
            "availability_set_id": "",
            "boot_diagnostics": [],
            "computer_name": "ISTIO-VM03",
            "custom_data": null,
            "dedicated_host_id": "",
            "disable_password_authentication": false,
            "encryption_at_host_enabled": false,
            "eviction_policy": "",
            "extensions_time_budget": "PT1H30M",
            "id": "/subscriptions/ba3ceec8-c343-46c0-9180-217762f60e1a/resourceGroups/RG-ISTIO/providers/Microsoft.Compute/virtualMachines/ISTIO-VM03",
            "identity": [],
            "license_type": "",
            "location": "eastus2",
            "max_bid_price": -1,
            "name": "ISTIO-VM03",
            "network_interface_ids": [
              "/subscriptions/ba3ceec8-c343-46c0-9180-217762f60e1a/resourceGroups/RG-ISTIO/providers/Microsoft.Network/networkInterfaces/nic-istioISTIO-VM03"
            ],
            "os_disk": [
              {
                "caching": "ReadWrite",
                "diff_disk_settings": [],
                "disk_encryption_set_id": "",
                "disk_size_gb": 30,
                "name": "osdisk-ISTIO-VM03",
                "storage_account_type": "Standard_LRS",
                "write_accelerator_enabled": false
              }
            ],
            "patch_mode": "ImageDefault",
            "plan": [],
            "platform_fault_domain": -1,
            "priority": "Regular",
            "private_ip_address": "10.0.1.4",
            "private_ip_addresses": [
              "10.0.1.4"
            ],
            "provision_vm_agent": true,
            "proximity_placement_group_id": "",
            "public_ip_address": "20.122.116.9",
            "public_ip_addresses": [
              "20.122.116.9"
            ],
            "resource_group_name": "RG-ISTIO",
            "secret": [],
            "secure_boot_enabled": false,
            "size": "Standard_B2s",
            "source_image_id": "",
            "source_image_reference": [
              {
                "offer": "UbuntuServer",
                "publisher": "Canonical",
                "sku": "18.04-LTS",
                "version": "latest"
              }
            ],
            "tags": {},
            "timeouts": null,
            "user_data": "",
            "virtual_machine_id": "4e010bbe-142b-4581-b4f3-28ea2fec3412",
            "virtual_machine_scale_set_id": "",
            "vtpm_enabled": false,
            "zone": ""
          },
          "sensitive_attributes": [],
          "private": "eyJlMmJmYjczMC1lY2FhLTExZTYtOGY4OC0zNDM2M2JjN2M0YzAiOnsiY3JlYXRlIjoyNzAwMDAwMDAwMDAwLCJkZWxldGUiOjI3MDAwMDAwMDAwMDAsInJlYWQiOjMwMDAwMDAwMDAwMCwidXBkYXRlIjoyNzAwMDAwMDAwMDAwfX0=",
          "dependencies": [
            "azurerm_subnet.subnet",
            "azurerm_virtual_network.vn",
            "azurerm_network_interface.nic",
            "azurerm_public_ip.pip",
            "azurerm_resource_group.rg"
          ]
        }
      ]
    },
    {
      "mode": "managed",
      "type": "azurerm_network_interface",
      "name": "nic",
      "provider": "provider[\"registry.terraform.io/hashicorp/azurerm\"]",
      "instances": [
        {
          "index_key": "ISTIO-VM01",
          "schema_version": 0,
          "attributes": {
            "applied_dns_servers": [],
            "dns_servers": [],
            "enable_accelerated_networking": false,
            "enable_ip_forwarding": false,
            "id": "/subscriptions/ba3ceec8-c343-46c0-9180-217762f60e1a/resourceGroups/RG-ISTIO/providers/Microsoft.Network/networkInterfaces/nic-istioISTIO-VM01",
            "internal_dns_name_label": "",
            "internal_domain_name_suffix": "1njnfirkjufu3gjl0wqflsjeba.cx.internal.cloudapp.net",
            "ip_configuration": [
              {
                "gateway_load_balancer_frontend_ip_configuration_id": "",
                "name": "internal",
                "primary": true,
                "private_ip_address": "10.0.1.6",
                "private_ip_address_allocation": "Dynamic",
                "private_ip_address_version": "IPv4",
                "public_ip_address_id": "/subscriptions/ba3ceec8-c343-46c0-9180-217762f60e1a/resourceGroups/RG-ISTIO/providers/Microsoft.Network/publicIPAddresses/pip-ISTIO-VM01",
                "subnet_id": "/subscriptions/ba3ceec8-c343-46c0-9180-217762f60e1a/resourceGroups/RG-ISTIO/providers/Microsoft.Network/virtualNetworks/Vnet-iSTIO/subnets/Internal"
              }
            ],
            "location": "eastus2",
            "mac_address": "00-0D-3A-E2-76-0D",
            "name": "nic-istioISTIO-VM01",
            "private_ip_address": "10.0.1.6",
            "private_ip_addresses": [
              "10.0.1.6"
            ],
            "resource_group_name": "RG-ISTIO",
            "tags": {},
            "timeouts": null,
            "virtual_machine_id": "/subscriptions/ba3ceec8-c343-46c0-9180-217762f60e1a/resourceGroups/RG-ISTIO/providers/Microsoft.Compute/virtualMachines/ISTIO-VM01"
          },
          "sensitive_attributes": [],
          "private": "eyJlMmJmYjczMC1lY2FhLTExZTYtOGY4OC0zNDM2M2JjN2M0YzAiOnsiY3JlYXRlIjoxODAwMDAwMDAwMDAwLCJkZWxldGUiOjE4MDAwMDAwMDAwMDAsInJlYWQiOjMwMDAwMDAwMDAwMCwidXBkYXRlIjoxODAwMDAwMDAwMDAwfX0=",
          "dependencies": [
            "azurerm_virtual_network.vn",
            "azurerm_public_ip.pip",
            "azurerm_resource_group.rg",
            "azurerm_subnet.subnet"
          ]
        },
        {
          "index_key": "ISTIO-VM02",
          "schema_version": 0,
          "attributes": {
            "applied_dns_servers": [],
            "dns_servers": [],
            "enable_accelerated_networking": false,
            "enable_ip_forwarding": false,
            "id": "/subscriptions/ba3ceec8-c343-46c0-9180-217762f60e1a/resourceGroups/RG-ISTIO/providers/Microsoft.Network/networkInterfaces/nic-istioISTIO-VM02",
            "internal_dns_name_label": "",
            "internal_domain_name_suffix": "1njnfirkjufu3gjl0wqflsjeba.cx.internal.cloudapp.net",
            "ip_configuration": [
              {
                "gateway_load_balancer_frontend_ip_configuration_id": "",
                "name": "internal",
                "primary": true,
                "private_ip_address": "10.0.1.5",
                "private_ip_address_allocation": "Dynamic",
                "private_ip_address_version": "IPv4",
                "public_ip_address_id": "/subscriptions/ba3ceec8-c343-46c0-9180-217762f60e1a/resourceGroups/RG-ISTIO/providers/Microsoft.Network/publicIPAddresses/pip-ISTIO-VM02",
                "subnet_id": "/subscriptions/ba3ceec8-c343-46c0-9180-217762f60e1a/resourceGroups/RG-ISTIO/providers/Microsoft.Network/virtualNetworks/Vnet-iSTIO/subnets/Internal"
              }
            ],
            "location": "eastus2",
            "mac_address": "00-0D-3A-E2-7E-B3",
            "name": "nic-istioISTIO-VM02",
            "private_ip_address": "10.0.1.5",
            "private_ip_addresses": [
              "10.0.1.5"
            ],
            "resource_group_name": "RG-ISTIO",
            "tags": {},
            "timeouts": null,
            "virtual_machine_id": "/subscriptions/ba3ceec8-c343-46c0-9180-217762f60e1a/resourceGroups/RG-ISTIO/providers/Microsoft.Compute/virtualMachines/ISTIO-VM02"
          },
          "sensitive_attributes": [],
          "private": "eyJlMmJmYjczMC1lY2FhLTExZTYtOGY4OC0zNDM2M2JjN2M0YzAiOnsiY3JlYXRlIjoxODAwMDAwMDAwMDAwLCJkZWxldGUiOjE4MDAwMDAwMDAwMDAsInJlYWQiOjMwMDAwMDAwMDAwMCwidXBkYXRlIjoxODAwMDAwMDAwMDAwfX0=",
          "dependencies": [
            "azurerm_subnet.subnet",
            "azurerm_virtual_network.vn",
            "azurerm_public_ip.pip",
            "azurerm_resource_group.rg"
          ]
        },
        {
          "index_key": "ISTIO-VM03",
          "schema_version": 0,
          "attributes": {
            "applied_dns_servers": [],
            "dns_servers": [],
            "enable_accelerated_networking": false,
            "enable_ip_forwarding": false,
            "id": "/subscriptions/ba3ceec8-c343-46c0-9180-217762f60e1a/resourceGroups/RG-ISTIO/providers/Microsoft.Network/networkInterfaces/nic-istioISTIO-VM03",
            "internal_dns_name_label": "",
            "internal_domain_name_suffix": "1njnfirkjufu3gjl0wqflsjeba.cx.internal.cloudapp.net",
            "ip_configuration": [
              {
                "gateway_load_balancer_frontend_ip_configuration_id": "",
                "name": "internal",
                "primary": true,
                "private_ip_address": "10.0.1.4",
                "private_ip_address_allocation": "Dynamic",
                "private_ip_address_version": "IPv4",
                "public_ip_address_id": "/subscriptions/ba3ceec8-c343-46c0-9180-217762f60e1a/resourceGroups/RG-ISTIO/providers/Microsoft.Network/publicIPAddresses/pip-ISTIO-VM03",
                "subnet_id": "/subscriptions/ba3ceec8-c343-46c0-9180-217762f60e1a/resourceGroups/RG-ISTIO/providers/Microsoft.Network/virtualNetworks/Vnet-iSTIO/subnets/Internal"
              }
            ],
            "location": "eastus2",
            "mac_address": "00-0D-3A-E2-79-21",
            "name": "nic-istioISTIO-VM03",
            "private_ip_address": "10.0.1.4",
            "private_ip_addresses": [
              "10.0.1.4"
            ],
            "resource_group_name": "RG-ISTIO",
            "tags": {},
            "timeouts": null,
            "virtual_machine_id": "/subscriptions/ba3ceec8-c343-46c0-9180-217762f60e1a/resourceGroups/RG-ISTIO/providers/Microsoft.Compute/virtualMachines/ISTIO-VM03"
          },
          "sensitive_attributes": [],
          "private": "eyJlMmJmYjczMC1lY2FhLTExZTYtOGY4OC0zNDM2M2JjN2M0YzAiOnsiY3JlYXRlIjoxODAwMDAwMDAwMDAwLCJkZWxldGUiOjE4MDAwMDAwMDAwMDAsInJlYWQiOjMwMDAwMDAwMDAwMCwidXBkYXRlIjoxODAwMDAwMDAwMDAwfX0=",
          "dependencies": [
            "azurerm_resource_group.rg",
            "azurerm_subnet.subnet",
            "azurerm_virtual_network.vn",
            "azurerm_public_ip.pip"
          ]
        }
      ]
    },
    {
      "mode": "managed",
      "type": "azurerm_network_security_group",
      "name": "ISTIO-VM",
      "provider": "provider[\"registry.terraform.io/hashicorp/azurerm\"]",
      "instances": [
        {
          "schema_version": 0,
          "attributes": {
            "id": "/subscriptions/ba3ceec8-c343-46c0-9180-217762f60e1a/resourceGroups/RG-ISTIO/providers/Microsoft.Network/networkSecurityGroups/acceptanceTestSecurityGroup1",
            "location": "eastus2",
            "name": "acceptanceTestSecurityGroup1",
            "resource_group_name": "RG-ISTIO",
            "security_rule": [
              {
                "access": "Allow",
                "description": "",
                "destination_address_prefix": "*",
                "destination_address_prefixes": [],
                "destination_application_security_group_ids": [],
                "destination_port_range": "22",
                "destination_port_ranges": [],
                "direction": "Inbound",
                "name": "AllowSSH",
                "priority": 100,
                "protocol": "Tcp",
                "source_address_prefix": "177.143.69.241/32",
                "source_address_prefixes": [],
                "source_application_security_group_ids": [],
                "source_port_range": "*",
                "source_port_ranges": []
              }
            ],
            "tags": {
              "environment": "Istio-Lab"
            },
            "timeouts": null
          },
          "sensitive_attributes": [],
          "private": "eyJlMmJmYjczMC1lY2FhLTExZTYtOGY4OC0zNDM2M2JjN2M0YzAiOnsiY3JlYXRlIjoxODAwMDAwMDAwMDAwLCJkZWxldGUiOjE4MDAwMDAwMDAwMDAsInJlYWQiOjMwMDAwMDAwMDAwMCwidXBkYXRlIjoxODAwMDAwMDAwMDAwfX0=",
          "dependencies": [
            "azurerm_resource_group.rg"
          ]
        }
      ]
    },
    {
      "mode": "managed",
      "type": "azurerm_public_ip",
      "name": "pip",
      "provider": "provider[\"registry.terraform.io/hashicorp/azurerm\"]",
      "instances": [
        {
          "index_key": "ISTIO-VM01",
          "schema_version": 0,
          "attributes": {
            "allocation_method": "Static",
            "availability_zone": "No-Zone",
            "domain_name_label": null,
            "fqdn": null,
            "id": "/subscriptions/ba3ceec8-c343-46c0-9180-217762f60e1a/resourceGroups/RG-ISTIO/providers/Microsoft.Network/publicIPAddresses/pip-ISTIO-VM01",
            "idle_timeout_in_minutes": 4,
            "ip_address": "20.122.41.143",
            "ip_tags": {},
            "ip_version": "IPv4",
            "location": "eastus2",
            "name": "pip-ISTIO-VM01",
            "public_ip_prefix_id": null,
            "resource_group_name": "RG-ISTIO",
            "reverse_fqdn": null,
            "sku": "Basic",
            "sku_tier": "Regional",
            "tags": {},
            "timeouts": null,
            "zones": []
          },
          "sensitive_attributes": [],
          "private": "eyJlMmJmYjczMC1lY2FhLTExZTYtOGY4OC0zNDM2M2JjN2M0YzAiOnsiY3JlYXRlIjoxODAwMDAwMDAwMDAwLCJkZWxldGUiOjE4MDAwMDAwMDAwMDAsInJlYWQiOjMwMDAwMDAwMDAwMCwidXBkYXRlIjoxODAwMDAwMDAwMDAwfX0=",
          "dependencies": [
            "azurerm_resource_group.rg"
          ]
        },
        {
          "index_key": "ISTIO-VM02",
          "schema_version": 0,
          "attributes": {
            "allocation_method": "Static",
            "availability_zone": "No-Zone",
            "domain_name_label": null,
            "fqdn": null,
            "id": "/subscriptions/ba3ceec8-c343-46c0-9180-217762f60e1a/resourceGroups/RG-ISTIO/providers/Microsoft.Network/publicIPAddresses/pip-ISTIO-VM02",
            "idle_timeout_in_minutes": 4,
            "ip_address": "20.122.116.1",
            "ip_tags": {},
            "ip_version": "IPv4",
            "location": "eastus2",
            "name": "pip-ISTIO-VM02",
            "public_ip_prefix_id": null,
            "resource_group_name": "RG-ISTIO",
            "reverse_fqdn": null,
            "sku": "Basic",
            "sku_tier": "Regional",
            "tags": {},
            "timeouts": null,
            "zones": []
          },
          "sensitive_attributes": [],
          "private": "eyJlMmJmYjczMC1lY2FhLTExZTYtOGY4OC0zNDM2M2JjN2M0YzAiOnsiY3JlYXRlIjoxODAwMDAwMDAwMDAwLCJkZWxldGUiOjE4MDAwMDAwMDAwMDAsInJlYWQiOjMwMDAwMDAwMDAwMCwidXBkYXRlIjoxODAwMDAwMDAwMDAwfX0=",
          "dependencies": [
            "azurerm_resource_group.rg"
          ]
        },
        {
          "index_key": "ISTIO-VM03",
          "schema_version": 0,
          "attributes": {
            "allocation_method": "Static",
            "availability_zone": "No-Zone",
            "domain_name_label": null,
            "fqdn": null,
            "id": "/subscriptions/ba3ceec8-c343-46c0-9180-217762f60e1a/resourceGroups/RG-ISTIO/providers/Microsoft.Network/publicIPAddresses/pip-ISTIO-VM03",
            "idle_timeout_in_minutes": 4,
            "ip_address": "20.122.116.9",
            "ip_tags": {},
            "ip_version": "IPv4",
            "location": "eastus2",
            "name": "pip-ISTIO-VM03",
            "public_ip_prefix_id": null,
            "resource_group_name": "RG-ISTIO",
            "reverse_fqdn": null,
            "sku": "Basic",
            "sku_tier": "Regional",
            "tags": {},
            "timeouts": null,
            "zones": []
          },
          "sensitive_attributes": [],
          "private": "eyJlMmJmYjczMC1lY2FhLTExZTYtOGY4OC0zNDM2M2JjN2M0YzAiOnsiY3JlYXRlIjoxODAwMDAwMDAwMDAwLCJkZWxldGUiOjE4MDAwMDAwMDAwMDAsInJlYWQiOjMwMDAwMDAwMDAwMCwidXBkYXRlIjoxODAwMDAwMDAwMDAwfX0=",
          "dependencies": [
            "azurerm_resource_group.rg"
          ]
        }
      ]
    },
    {
      "mode": "managed",
      "type": "azurerm_resource_group",
      "name": "rg",
      "provider": "provider[\"registry.terraform.io/hashicorp/azurerm\"]",
      "instances": [
        {
          "schema_version": 0,
          "attributes": {
            "id": "/subscriptions/ba3ceec8-c343-46c0-9180-217762f60e1a/resourceGroups/RG-ISTIO",
            "location": "eastus2",
            "name": "RG-ISTIO",
            "tags": {},
            "timeouts": null
          },
          "sensitive_attributes": [],
          "private": "eyJlMmJmYjczMC1lY2FhLTExZTYtOGY4OC0zNDM2M2JjN2M0YzAiOnsiY3JlYXRlIjo1NDAwMDAwMDAwMDAwLCJkZWxldGUiOjU0MDAwMDAwMDAwMDAsInJlYWQiOjMwMDAwMDAwMDAwMCwidXBkYXRlIjo1NDAwMDAwMDAwMDAwfX0="
        }
      ]
    },
    {
      "mode": "managed",
      "type": "azurerm_subnet",
      "name": "subnet",
      "provider": "provider[\"registry.terraform.io/hashicorp/azurerm\"]",
      "instances": [
        {
          "schema_version": 0,
          "attributes": {
            "address_prefix": "10.0.1.0/24",
            "address_prefixes": [
              "10.0.1.0/24"
            ],
            "delegation": [],
            "enforce_private_link_endpoint_network_policies": false,
            "enforce_private_link_service_network_policies": false,
            "id": "/subscriptions/ba3ceec8-c343-46c0-9180-217762f60e1a/resourceGroups/RG-ISTIO/providers/Microsoft.Network/virtualNetworks/Vnet-iSTIO/subnets/Internal",
            "name": "Internal",
            "resource_group_name": "RG-ISTIO",
            "service_endpoint_policy_ids": [],
            "service_endpoints": [],
            "timeouts": null,
            "virtual_network_name": "Vnet-iSTIO"
          },
          "sensitive_attributes": [],
          "private": "eyJlMmJmYjczMC1lY2FhLTExZTYtOGY4OC0zNDM2M2JjN2M0YzAiOnsiY3JlYXRlIjoxODAwMDAwMDAwMDAwLCJkZWxldGUiOjE4MDAwMDAwMDAwMDAsInJlYWQiOjMwMDAwMDAwMDAwMCwidXBkYXRlIjoxODAwMDAwMDAwMDAwfX0=",
          "dependencies": [
            "azurerm_resource_group.rg",
            "azurerm_virtual_network.vn"
          ]
        }
      ]
    },
    {
      "mode": "managed",
      "type": "azurerm_virtual_network",
      "name": "vn",
      "provider": "provider[\"registry.terraform.io/hashicorp/azurerm\"]",
      "instances": [
        {
          "schema_version": 0,
          "attributes": {
            "address_space": [
              "10.0.0.0/16"
            ],
            "bgp_community": "",
            "ddos_protection_plan": [],
            "dns_servers": [],
            "flow_timeout_in_minutes": 0,
            "guid": "a2d252db-4d2a-4e0b-992b-d5a055c92408",
            "id": "/subscriptions/ba3ceec8-c343-46c0-9180-217762f60e1a/resourceGroups/RG-ISTIO/providers/Microsoft.Network/virtualNetworks/Vnet-iSTIO",
            "location": "eastus2",
            "name": "Vnet-iSTIO",
            "resource_group_name": "RG-ISTIO",
            "subnet": [
              {
                "address_prefix": "10.0.1.0/24",
                "id": "/subscriptions/ba3ceec8-c343-46c0-9180-217762f60e1a/resourceGroups/RG-ISTIO/providers/Microsoft.Network/virtualNetworks/Vnet-iSTIO/subnets/Internal",
                "name": "Internal",
                "security_group": ""
              }
            ],
            "tags": {},
            "timeouts": null,
            "vm_protection_enabled": false
          },
          "sensitive_attributes": [],
          "private": "eyJlMmJmYjczMC1lY2FhLTExZTYtOGY4OC0zNDM2M2JjN2M0YzAiOnsiY3JlYXRlIjoxODAwMDAwMDAwMDAwLCJkZWxldGUiOjE4MDAwMDAwMDAwMDAsInJlYWQiOjMwMDAwMDAwMDAwMCwidXBkYXRlIjoxODAwMDAwMDAwMDAwfX0=",
          "dependencies": [
            "azurerm_resource_group.rg"
          ]
        }
      ]
    }
  ]
}
